// !$*UTF8*$!
{
	archiveVersion = 1;
	classes = {
	};
	objectVersion = 50;
	objects = {

/* Begin PBXBuildFile section */
		F4A462FA207CDF7F00FBDDA8 /* AppDelegate.m in Sources */ = {isa = PBXBuildFile; fileRef = F4A462F9207CDF7F00FBDDA8 /* AppDelegate.m */; };
		F4A462FD207CDF7F00FBDDA8 /* ViewController.m in Sources */ = {isa = PBXBuildFile; fileRef = F4A462FC207CDF7F00FBDDA8 /* ViewController.m */; };
		F4A46300207CDF7F00FBDDA8 /* Main.storyboard in Resources */ = {isa = PBXBuildFile; fileRef = F4A462FE207CDF7F00FBDDA8 /* Main.storyboard */; };
		F4A46302207CDF8100FBDDA8 /* Assets.xcassets in Resources */ = {isa = PBXBuildFile; fileRef = F4A46301207CDF8100FBDDA8 /* Assets.xcassets */; };
		F4A46305207CDF8100FBDDA8 /* LaunchScreen.storyboard in Resources */ = {isa = PBXBuildFile; fileRef = F4A46303207CDF8100FBDDA8 /* LaunchScreen.storyboard */; };
		F4A46308207CDF8100FBDDA8 /* main.m in Sources */ = {isa = PBXBuildFile; fileRef = F4A46307207CDF8100FBDDA8 /* main.m */; };
		F4CF4546209F4DC700C8154C /* MyTestUtil.m in Sources */ = {isa = PBXBuildFile; fileRef = F4CF4544209F4DC700C8154C /* MyTestUtil.m */; };
/* End PBXBuildFile section */

/* Begin PBXFileReference section */
		F4A462F5207CDF7F00FBDDA8 /* MyCocoaPodsTestProject.app */ = {isa = PBXFileReference; explicitFileType = wrapper.application; includeInIndex = 0; path = MyCocoaPodsTestProject.app; sourceTree = BUILT_PRODUCTS_DIR; };
		F4A462F8207CDF7F00FBDDA8 /* AppDelegate.h */ = {isa = PBXFileReference; lastKnownFileType = sourcecode.c.h; path = AppDelegate.h; sourceTree = "<group>"; };
		F4A462F9207CDF7F00FBDDA8 /* AppDelegate.m */ = {isa = PBXFileReference; lastKnownFileType = sourcecode.c.objc; path = AppDelegate.m; sourceTree = "<group>"; };
		F4A462FB207CDF7F00FBDDA8 /* ViewController.h */ = {isa = PBXFileReference; lastKnownFileType = sourcecode.c.h; path = ViewController.h; sourceTree = "<group>"; };
		F4A462FC207CDF7F00FBDDA8 /* ViewController.m */ = {isa = PBXFileReference; lastKnownFileType = sourcecode.c.objc; path = ViewController.m; sourceTree = "<group>"; };
		F4A462FF207CDF7F00FBDDA8 /* Base */ = {isa = PBXFileReference; lastKnownFileType = file.storyboard; name = Base; path = Base.lproj/Main.storyboard; sourceTree = "<group>"; };
		F4A46301207CDF8100FBDDA8 /* Assets.xcassets */ = {isa = PBXFileReference; lastKnownFileType = folder.assetcatalog; path = Assets.xcassets; sourceTree = "<group>"; };
		F4A46304207CDF8100FBDDA8 /* Base */ = {isa = PBXFileReference; lastKnownFileType = file.storyboard; name = Base; path = Base.lproj/LaunchScreen.storyboard; sourceTree = "<group>"; };
		F4A46306207CDF8100FBDDA8 /* Info.plist */ = {isa = PBXFileReference; lastKnownFileType = text.plist.xml; path = Info.plist; sourceTree = "<group>"; };
		F4A46307207CDF8100FBDDA8 /* main.m */ = {isa = PBXFileReference; lastKnownFileType = sourcecode.c.objc; path = main.m; sourceTree = "<group>"; };
		F4CF4544209F4DC700C8154C /* MyTestUtil.m */ = {isa = PBXFileReference; fileEncoding = 4; lastKnownFileType = sourcecode.c.objc; name = MyTestUtil.m; path = Util/MyTestUtil.m; sourceTree = "<group>"; };
		F4CF4545209F4DC700C8154C /* MyTestUtil.h */ = {isa = PBXFileReference; fileEncoding = 4; lastKnownFileType = sourcecode.c.h; name = MyTestUtil.h; path = Util/MyTestUtil.h; sourceTree = "<group>"; };
/* End PBXFileReference section */

/* Begin PBXFrameworksBuildPhase section */
		F4A462F2207CDF7F00FBDDA8 /* Frameworks */ = {
			isa = PBXFrameworksBuildPhase;
			buildActionMask = 2147483647;
			files = (
			);
			runOnlyForDeploymentPostprocessing = 0;
		};
/* End PBXFrameworksBuildPhase section */

/* Begin PBXGroup section */
		F4A462EC207CDF7F00FBDDA8 = {
			isa = PBXGroup;
			children = (
				F4A462F7207CDF7F00FBDDA8 /* MyCocoaPodsTestProject */,
				F4A462F6207CDF7F00FBDDA8 /* Products */,
			);
			sourceTree = "<group>";
		};
		F4A462F6207CDF7F00FBDDA8 /* Products */ = {
			isa = PBXGroup;
			children = (
				F4A462F5207CDF7F00FBDDA8 /* MyCocoaPodsTestProject.app */,
			);
			name = Products;
			sourceTree = "<group>";
		};
		F4A462F7207CDF7F00FBDDA8 /* MyCocoaPodsTestProject */ = {
			isa = PBXGroup;
			children = (
				F4A4630E207CDFED00FBDDA8 /* Classes */,
				F4A462F8207CDF7F00FBDDA8 /* AppDelegate.h */,
				F4A462F9207CDF7F00FBDDA8 /* AppDelegate.m */,
				F4A462FB207CDF7F00FBDDA8 /* ViewController.h */,
				F4A462FC207CDF7F00FBDDA8 /* ViewController.m */,
				F4A462FE207CDF7F00FBDDA8 /* Main.storyboard */,
				F4A46301207CDF8100FBDDA8 /* Assets.xcassets */,
				F4A46303207CDF8100FBDDA8 /* LaunchScreen.storyboard */,
				F4A46306207CDF8100FBDDA8 /* Info.plist */,
				F4A46307207CDF8100FBDDA8 /* main.m */,
			);
			path = MyCocoaPodsTestProject;
			sourceTree = "<group>";
		};
		F4A4630E207CDFED00FBDDA8 /* Classes */ = {
			isa = PBXGroup;
			children = (
				F4CF4545209F4DC700C8154C /* MyTestUtil.h */,
				F4CF4544209F4DC700C8154C /* MyTestUtil.m */,
			);
			path = Classes;
			sourceTree = SOURCE_ROOT;
		};
/* End PBXGroup section */

/* Begin PBXNativeTarget section */
		F4A462F4207CDF7F00FBDDA8 /* MyCocoaPodsTestProject */ = {
			isa = PBXNativeTarget;
			buildConfigurationList = F4A4630B207CDF8100FBDDA8 /* Build configuration list for PBXNativeTarget "MyCocoaPodsTestProject" */;
			buildPhases = (
				F4A462F1207CDF7F00FBDDA8 /* Sources */,
				F4A462F2207CDF7F00FBDDA8 /* Frameworks */,
				F4A462F3207CDF7F00FBDDA8 /* Resources */,
			);
			buildRules = (
			);
			dependencies = (
			);
			name = MyCocoaPodsTestProject;
			productName = MyCocoaPodsTestProject;
			productReference = F4A462F5207CDF7F00FBDDA8 /* MyCocoaPodsTestProject.app */;
			productType = "com.apple.product-type.application";
		};
/* End PBXNativeTarget section */

/* Begin PBXProject section */
		F4A462ED207CDF7F00FBDDA8 /* Project object */ = {
			isa = PBXProject;
			attributes = {
				LastUpgradeCheck = 0930;
				ORGANIZATIONNAME = lizelu;
				TargetAttributes = {
					F4A462F4207CDF7F00FBDDA8 = {
						CreatedOnToolsVersion = 9.3;
					};
				};
			};
			buildConfigurationList = F4A462F0207CDF7F00FBDDA8 /* Build configuration list for PBXProject "MyCocoaPodsTestProject" */;
			compatibilityVersion = "Xcode 9.3";
			developmentRegion = en;
			hasScannedForEncodings = 0;
			knownRegions = (
				en,
				Base,
			);
			mainGroup = F4A462EC207CDF7F00FBDDA8;
			productRefGroup = F4A462F6207CDF7F00FBDDA8 /* Products */;
			projectDirPath = "";
			projectRoot = "";
			targets = (
				F4A462F4207CDF7F00FBDDA8 /* MyCocoaPodsTestProject */,
			);
		};
/* End PBXProject section */

/* Begin PBXResourcesBuildPhase section */
		F4A462F3207CDF7F00FBDDA8 /* Resources */ = {
			isa = PBXResourcesBuildPhase;
			buildActionMask = 2147483647;
			files = (
				F4A46305207CDF8100FBDDA8 /* LaunchScreen.storyboard in Resources */,
				F4A46302207CDF8100FBDDA8 /* Assets.xcassets in Resources */,
				F4A46300207CDF7F00FBDDA8 /* Main.storyboard in Resources */,
			);
			runOnlyForDeploymentPostprocessing = 0;
		};
/* End PBXResourcesBuildPhase section */

/* Begin PBXSourcesBuildPhase section */
		F4A462F1207CDF7F00FBDDA8 /* Sources */ = {
			isa = PBXSourcesBuildPhase;
			buildActionMask = 2147483647;
			files = (
				F4A462FD207CDF7F00FBDDA8 /* ViewController.m in Sources */,
				F4A46308207CDF8100FBDDA8 /* main.m in Sources */,
				F4A462FA207CDF7F00FBDDA8 /* AppDelegate.m in Sources */,
				F4CF4546209F4DC700C8154C /* MyTestUtil.m in Sources */,
			);
			runOnlyForDeploymentPostprocessing = 0;
		};
/* End PBXSourcesBuildPhase section */

/* Begin PBXVariantGroup section */
		F4A462FE207CDF7F00FBDDA8 /* Main.storyboard */ = {
			isa = PBXVariantGroup;
			children = (
				F4A462FF207CDF7F00FBDDA8 /* Base */,
			);
			name = Main.storyboard;
			sourceTree = "<group>";
		};
		F4A46303207CDF8100FBDDA8 /* LaunchScreen.storyboard */ = {
			isa = PBXVariantGroup;
			children = (
				F4A46304207CDF8100FBDDA8 /* Base */,
			);
			name = LaunchScreen.storyboard;
			sourceTree = "<group>";
		};
/* End PBXVariantGroup section */

/* Begin XCBuildConfiguration section */
		F4A46309207CDF8100FBDDA8 /* Debug */ = {
			isa = XCBuildConfiguration;
			buildSettings = {
				ALWAYS_SEARCH_USER_PATHS = NO;
				CLANG_ANALYZER_NONNULL = YES;
				CLANG_ANALYZER_NUMBER_OBJECT_CONVERSION = YES_AGGRESSIVE;
				CLANG_CXX_LANGUAGE_STANDARD = "gnu++14";
				CLANG_CXX_LIBRARY = "libc++";
				CLANG_ENABLE_MODULES = YES;
				CLANG_ENABLE_OBJC_ARC = YES;
				CLANG_ENABLE_OBJC_WEAK = YES;
				CLANG_WARN_BLOCK_CAPTURE_AUTORELEASING = YES;
				CLANG_WARN_BOOL_CONVERSION = YES;
				CLANG_WARN_COMMA = YES;
				CLANG_WARN_CONSTANT_CONVERSION = YES;
				CLANG_WARN_DEPRECATED_OBJC_IMPLEMENTATIONS = YES;
				CLANG_WARN_DIRECT_OBJC_ISA_USAGE = YES_ERROR;
				CLANG_WARN_DOCUMENTATION_COMMENTS = YES;
				CLANG_WARN_EMPTY_BODY = YES;
				CLANG_WARN_ENUM_CONVERSION = YES;
				CLANG_WARN_INFINITE_RECURSION = YES;
				CLANG_WARN_INT_CONVERSION = YES;
				CLANG_WARN_NON_LITERAL_NULL_CONVERSION = YES;
				CLANG_WARN_OBJC_IMPLICIT_RETAIN_SELF = YES;
				CLANG_WARN_OBJC_LITERAL_CONVERSION = YES;
				CLANG_WARN_OBJC_ROOT_CLASS = YES_ERROR;
				CLANG_WARN_RANGE_LOOP_ANALYSIS = YES;
				CLANG_WARN_STRICT_PROTOTYPES = YES;
				CLANG_WARN_SUSPICIOUS_MOVE = YES;
				CLANG_WARN_UNGUARDED_AVAILABILITY = YES_AGGRESSIVE;
				CLANG_WARN_UNREACHABLE_CODE = YES;
				CLANG_WARN__DUPLICATE_METHOD_MATCH = YES;
				CODE_SIGN_IDENTITY = "iPhone Developer";
				COPY_PHASE_STRIP = NO;
				DEBUG_INFORMATION_FORMAT = dwarf;
				ENABLE_STRICT_OBJC_MSGSEND = YES;
				ENABLE_TESTABILITY = YES;
				GCC_C_LANGUAGE_STANDARD = gnu11;
				GCC_DYNAMIC_NO_PIC = NO;
				GCC_NO_COMMON_BLOCKS = YES;
				GCC_OPTIMIZATION_LEVEL = 0;
				GCC_PREPROCESSOR_DEFINITIONS = (
					"DEBUG=1",
					"$(inherited)",
				);
				GCC_WARN_64_TO_32_BIT_CONVERSION = YES;
				GCC_WARN_ABOUT_RETURN_TYPE = YES_ERROR;
				GCC_WARN_UNDECLARED_SELECTOR = YES;
				GCC_WARN_UNINITIALIZED_AUTOS = YES_AGGRESSIVE;
				GCC_WARN_UNUSED_FUNCTION = YES;
				GCC_WARN_UNUSED_VARIABLE = YES;
				IPHONEOS_DEPLOYMENT_TARGET = 11.3;
				MTL_ENABLE_DEBUG_INFO = YES;
				ONLY_ACTIVE_ARCH = YES;
				SDKROOT = iphoneos;
			};
			name = Debug;
		};
		F4A4630A207CDF8100FBDDA8 /* Release */ = {
			isa = XCBuildConfiguration;
			buildSettings = {
				ALWAYS_SEARCH_USER_PATHS = NO;
				CLANG_ANALYZER_NONNULL = YES;
				CLANG_ANALYZER_NUMBER_OBJECT_CONVERSION = YES_AGGRESSIVE;
				CLANG_CXX_LANGUAGE_STANDARD = "gnu++14";
				CLANG_CXX_LIBRARY = "libc++";
				CLANG_ENABLE_MODULES = YES;
				CLANG_ENABLE_OBJC_ARC = YES;
				CLANG_ENABLE_OBJC_WEAK = YES;
				CLANG_WARN_BLOCK_CAPTURE_AUTORELEASING = YES;
				CLANG_WARN_BOOL_CONVERSION = YES;
				CLANG_WARN_COMMA = YES;
				CLANG_WARN_CONSTANT_CONVERSION = YES;
				CLANG_WARN_DEPRECATED_OBJC_IMPLEMENTATIONS = YES;
				CLANG_WARN_DIRECT_OBJC_ISA_USAGE = YES_ERROR;
				CLANG_WARN_DOCUMENTATION_COMMENTS = YES;
				CLANG_WARN_EMPTY_BODY = YES;
				CLANG_WARN_ENUM_CONVERSION = YES;
				CLANG_WARN_INFINITE_RECURSION = YES;
				CLANG_WARN_INT_CONVERSION = YES;
				CLANG_WARN_NON_LITERAL_NULL_CONVERSION = YES;
				CLANG_WARN_OBJC_IMPLICIT_RETAIN_SELF = YES;
				CLANG_WARN_OBJC_LITERAL_CONVERSION = YES;
				CLANG_WARN_OBJC_ROOT_CLASS = YES_ERROR;
				CLANG_WARN_RANGE_LOOP_ANALYSIS = YES;
				CLANG_WARN_STRICT_PROTOTYPES = YES;
				CLANG_WARN_SUSPICIOUS_MOVE = YES;
				CLANG_WARN_UNGUARDED_AVAILABILITY = YES_AGGRESSIVE;
				CLANG_WARN_UNREACHABLE_CODE = YES;
				CLANG_WARN__DUPLICATE_METHOD_MATCH = YES;
				CODE_SIGN_IDENTITY = "iPhone Developer";
				COPY_PHASE_STRIP = NO;
				DEBUG_INFORMATION_FORMAT = "dwarf-with-dsym";
				ENABLE_NS_ASSERTIONS = NO;
				ENABLE_STRICT_OBJC_MSGSEND = YES;
				GCC_C_LANGUAGE_STANDARD = gnu11;
				GCC_NO_COMMON_BLOCKS = YES;
				GCC_WARN_64_TO_32_BIT_CONVERSION = YES;
				GCC_WARN_ABOUT_RETURN_TYPE = YES_ERROR;
				GCC_WARN_UNDECLARED_SELECTOR = YES;
				GCC_WARN_UNINITIALIZED_AUTOS = YES_AGGRESSIVE;
				GCC_WARN_UNUSED_FUNCTION = YES;
				GCC_WARN_UNUSED_VARIABLE = YES;
				IPHONEOS_DEPLOYMENT_TARGET = 11.3;
				MTL_ENABLE_DEBUG_INFO = NO;
				SDKROOT = iphoneos;
				VALIDATE_PRODUCT = YES;
			};
			name = Release;
		};
		F4A4630C207CDF8100FBDDA8 /* Debug */ = {
			isa = XCBuildConfiguration;
			buildSettings = {
				ASSETCATALOG_COMPILER_APPICON_NAME = AppIcon;
				CODE_SIGN_STYLE = Automatic;
				DEVELOPMENT_TEAM = AWN3A347S4;
				INFOPLIST_FILE = MyCocoaPodsTestProject/Info.plist;
				LD_RUNPATH_SEARCH_PATHS = (
					"$(inherited)",
					"@executable_path/Frameworks",
				);
				PRODUCT_BUNDLE_IDENTIFIER = lizelu.MyCocoaPodsTestProject;
				PRODUCT_NAME = "$(TARGET_NAME)";
				TARGETED_DEVICE_FAMILY = "1,2";
			};
			name = Debug;
		};
		F4A4630D207CDF8100FBDDA8 /* Release */ = {
			isa = XCBuildConfiguration;
			buildSettings = {
				ASSETCATALOG_COMPILER_APPICON_NAME = AppIcon;
				CODE_SIGN_STYLE = Automatic;
				DEVELOPMENT_TEAM = AWN3A347S4;
				INFOPLIST_FILE = MyCocoaPodsTestProject/Info.plist;
				LD_RUNPATH_SEARCH_PATHS = (
					"$(inherited)",
					"@executable_path/Frameworks",
				);
				PRODUCT_BUNDLE_IDENTIFIER = lizelu.MyCocoaPodsTestProject;
				PRODUCT_NAME = "$(TARGET_NAME)";
				TARGETED_DEVICE_FAMILY = "1,2";
			};
			name = Release;
		};
/* End XCBuildConfiguration section */

/* Begin XCConfigurationList section */
		F4A462F0207CDF7F00FBDDA8 /* Build configuration list for PBXProject "MyCocoaPodsTestProject" */ = {
			isa = XCConfigurationList;
			buildConfigurations = (
				F4A46309207CDF8100FBDDA8 /* Debug */,
				F4A4630A207CDF8100FBDDA8 /* Release */,
			);
			defaultConfigurationIsVisible = 0;
			defaultConfigurationName = Release;
		};
		F4A4630B207CDF8100FBDDA8 /* Build configuration list for PBXNativeTarget "MyCocoaPodsTestProject" */ = {
			isa = XCConfigurationList;
			buildConfigurations = (
				F4A4630C207CDF8100FBDDA8 /* Debug */,
				F4A4630D207CDF8100FBDDA8 /* Release */,
			);
			defaultConfigurationIsVisible = 0;
			defaultConfigurationName = Release;
		};
/* End XCConfigurationList section */
	};
	rootObject = F4A462ED207CDF7F00FBDDA8 /* Project object */;
}
